
Microsoft Visual Studio Solution File, Format Version 12.00
# Visual Studio Version 17
VisualStudioVersion = 17.14.36518.9
MinimumVisualStudioVersion = 10.0.40219.1
Project("{FAE04EC0-301F-11D3-BF4B-00C04F79EFBC}") = "Gheorghiciuc_Stefania_Lab2", "Gheorghiciuc_Stefania_Lab2.csproj", "{06D97D73-4D97-4C14-9C60-9C2745A2365C}"
EndProject
Global
	GlobalSection(SolutionConfigurationPlatforms) = preSolution
		Debug|Any CPU = Debug|Any CPU
		Release|Any CPU = Release|Any CPU
	EndGlobalSection
	GlobalSection(ProjectConfigurationPlatforms) = postSolution
		{06D97D73-4D97-4C14-9C60-9C2745A2365C}.Debug|Any CPU.ActiveCfg = Debug|Any CPU
		{06D97D73-4D97-4C14-9C60-9C2745A2365C}.Debug|Any CPU.Build.0 = Debug|Any CPU
		{06D97D73-4D97-4C14-9C60-9C2745A2365C}.Release|Any CPU.ActiveCfg = Release|Any CPU
		{06D97D73-4D97-4C14-9C60-9C2745A2365C}.Release|Any CPU.Build.0 = Release|Any CPU
	EndGlobalSection
	GlobalSection(SolutionProperties) = preSolution
		HideSolutionNode = FALSE
	EndGlobalSection
	GlobalSection(ExtensibilityGlobals) = postSolution
		SolutionGuid = {C47D466E-DF1D-41A5-A2C6-350F6FD6C4F8}
	EndGlobalSection
EndGlobal
